
Microsoft Visual Studio Solution File, Format Version 12.00
# Visual Studio 2012
Project("{FAE04EC0-301F-11D3-BF4B-00C04F79EFBC}") = "ncIDE", "ncIDE\ncIDE.csproj", "{01EFFA41-54C1-4E5B-896E-BE0B26D1DBC4}"
EndProject
Project("{FAE04EC0-301F-11D3-BF4B-00C04F79EFBC}") = "NetCompiler", "NetCompiler\NetCompiler.csproj", "{AF42EC7E-5922-46EB-B599-1C76E7AFD164}"
EndProject
Project("{FAE04EC0-301F-11D3-BF4B-00C04F79EFBC}") = "Projects", "Projects\Projects.csproj", "{885F9029-DFE0-4874-8236-A3595A15C818}"
EndProject
Global
	GlobalSection(SolutionConfigurationPlatforms) = preSolution
		Debug|Any CPU = Debug|Any CPU
		Release|Any CPU = Release|Any CPU
	EndGlobalSection
	GlobalSection(ProjectConfigurationPlatforms) = postSolution
		{01EFFA41-54C1-4E5B-896E-BE0B26D1DBC4}.Debug|Any CPU.ActiveCfg = Debug|Any CPU
		{01EFFA41-54C1-4E5B-896E-BE0B26D1DBC4}.Debug|Any CPU.Build.0 = Debug|Any CPU
		{01EFFA41-54C1-4E5B-896E-BE0B26D1DBC4}.Release|Any CPU.ActiveCfg = Release|Any CPU
		{01EFFA41-54C1-4E5B-896E-BE0B26D1DBC4}.Release|Any CPU.Build.0 = Release|Any CPU
		{AF42EC7E-5922-46EB-B599-1C76E7AFD164}.Debug|Any CPU.ActiveCfg = Debug|Any CPU
		{AF42EC7E-5922-46EB-B599-1C76E7AFD164}.Debug|Any CPU.Build.0 = Debug|Any CPU
		{AF42EC7E-5922-46EB-B599-1C76E7AFD164}.Release|Any CPU.ActiveCfg = Release|Any CPU
		{AF42EC7E-5922-46EB-B599-1C76E7AFD164}.Release|Any CPU.Build.0 = Release|Any CPU
		{885F9029-DFE0-4874-8236-A3595A15C818}.Debug|Any CPU.ActiveCfg = Debug|Any CPU
		{885F9029-DFE0-4874-8236-A3595A15C818}.Debug|Any CPU.Build.0 = Debug|Any CPU
		{885F9029-DFE0-4874-8236-A3595A15C818}.Release|Any CPU.ActiveCfg = Release|Any CPU
		{885F9029-DFE0-4874-8236-A3595A15C818}.Release|Any CPU.Build.0 = Release|Any CPU
	EndGlobalSection
	GlobalSection(SolutionProperties) = preSolution
		HideSolutionNode = FALSE
	EndGlobalSection
EndGlobal
